<Solution>
  <Folder Name="/spikes/">
    <Project Path="spikes/AgentFrameworkSpike/AgentFrameworkSpike.csproj" />
  </Folder>
  <Folder Name="/src/">
    <Project Path="src/AgentForge.Abstractions/AgentForge.Abstractions.csproj" />
    <Project Path="src/AgentForge.Audit/AgentForge.Audit.csproj" />
    <Project Path="src/AgentForge.Cli/AgentForge.Cli.csproj" />
    <Project Path="src/AgentForge.Coding/AgentForge.Coding.csproj" />
    <Project Path="src/AgentForge.Channels/AgentForge.Channels.csproj" />
    <Project Path="src/AgentForge.Devices/AgentForge.Devices.csproj" />
    <Project Path="src/AgentForge.Domain/AgentForge.Domain.csproj" />
    <Project Path="src/AgentForge.Environment/AgentForge.Environment.csproj" />
    <Project Path="src/AgentForge.Host/AgentForge.Host.csproj" />
    <Project Path="src/AgentForge.Learning/AgentForge.Learning.csproj" />
    <Project Path="src/AgentForge.Memory/AgentForge.Memory.csproj" />
    <Project Path="src/AgentForge.Mcp/AgentForge.Mcp.csproj" />
    <Project Path="src/AgentForge.Models/AgentForge.Models.csproj" />
    <Project Path="src/AgentForge.Orchestration/AgentForge.Orchestration.csproj" />
    <Project Path="src/AgentForge.Persistence/AgentForge.Persistence.csproj" />
    <Project Path="src/AgentForge.PluginWorker/AgentForge.PluginWorker.csproj" />
    <Project Path="src/AgentForge.Plugins/AgentForge.Plugins.csproj" />
    <Project Path="src/AgentForge.Runtime/AgentForge.Runtime.csproj" />
    <Project Path="src/AgentForge.Search/AgentForge.Search.csproj" />
    <Project Path="src/AgentForge.Security/AgentForge.Security.csproj" />
    <Project Path="src/AgentForge.Skills/AgentForge.Skills.csproj" />
    <Project Path="src/AgentForge.Setup/AgentForge.Setup.csproj" />
    <Project Path="src/AgentForge.Tools/AgentForge.Tools.csproj" />
  </Folder>
  <Folder Name="/tests/">
    <Project Path="tests/AgentForge.ArchitectureTests/AgentForge.ArchitectureTests.csproj" />
    <Project Path="tests/AgentForge.CrossPlatformTests/AgentForge.CrossPlatformTests.csproj" />
    <Project Path="tests/AgentForge.EndToEndTests/AgentForge.EndToEndTests.csproj" />
    <Project Path="tests/AgentForge.IntegrationTests/AgentForge.IntegrationTests.csproj" />
    <Project Path="tests/AgentForge.ProcessFixture/AgentForge.ProcessFixture.csproj" />
    <Project Path="tests/AgentForge.SecurityTests/AgentForge.SecurityTests.csproj" />
    <Project Path="tests/AgentForge.UnitTests/AgentForge.UnitTests.csproj" />
  </Folder>
</Solution>
